
Microsoft Visual Studio Solution File, Format Version 12.00
# Visual Studio Version 16
VisualStudioVersion = 16.0.30320.27
MinimumVisualStudioVersion = 10.0.40219.1
Project("{FAE04EC0-301F-11D3-BF4B-00C04F79EFBC}") = "datagridview", "datagridview.csproj", "{53D8A138-164F-4B1B-A21A-41D9319C62FB}"
EndProject
Global
	GlobalSection(SolutionConfigurationPlatforms) = preSolution
		Debug|Any CPU = Debug|Any CPU
		Release|Any CPU = Release|Any CPU
	EndGlobalSection
	GlobalSection(ProjectConfigurationPlatforms) = postSolution
		{53D8A138-164F-4B1B-A21A-41D9319C62FB}.Debug|Any CPU.ActiveCfg = Debug|Any CPU
		{53D8A138-164F-4B1B-A21A-41D9319C62FB}.Debug|Any CPU.Build.0 = Debug|Any CPU
		{53D8A138-164F-4B1B-A21A-41D9319C62FB}.Release|Any CPU.ActiveCfg = Release|Any CPU
		{53D8A138-164F-4B1B-A21A-41D9319C62FB}.Release|Any CPU.Build.0 = Release|Any CPU
	EndGlobalSection
	GlobalSection(SolutionProperties) = preSolution
		HideSolutionNode = FALSE
	EndGlobalSection
	GlobalSection(ExtensibilityGlobals) = postSolution
		SolutionGuid = {A226F1F7-49B5-45A6-A6DD-C888B2FC5470}
	EndGlobalSection
EndGlobal
